dependencies:
- name: bullet
  repository: https://sketchbench.github.io/bullet-k8s
  version: 0.1.1
- name: kafka
  repository: https://charts.bitnami.com/bitnami
  version: 13.0.2
- name: kafdrop
  repository: https://bedag.github.io/helm-charts
  version: 0.2.3
- name: spark
  repository: https://charts.bitnami.com/bitnami
  version: 5.6.1
- name: tobs
  repository: https://charts.timescale.com
  version: 0.5.0
digest: sha256:e23fdfacd0d9fa47f5e06b3066db4c424e8ae3a175f990d81f1a2c4c49f1d3d4
generated: "2021-07-10T00:32:32.4195274-07:00"
