dependencies:
- name: bullet
  repository: https://sketchbench.github.io/bullet-k8s
  version: 0.4.1
- name: kafka
  repository: https://charts.bitnami.com/bitnami
  version: 13.1.1
- name: kafdrop
  repository: https://bedag.github.io/helm-charts
  version: 0.2.3
- name: spark
  repository: https://charts.bitnami.com/bitnami
  version: 5.7.0
- name: hdfs
  repository: https://gchq.github.io/gaffer-docker
  version: 0.13.0
- name: tobs
  repository: https://charts.timescale.com
  version: 0.6.0
- name: zeppelin
  repository: https://sketchbench.github.io/charts
  version: 0.1.4
- name: graphite-exporter
  repository: https://sketchbench.github.io/charts
  version: 0.1.0
digest: sha256:73c7a7f302b8cf869631850abf6d2f0d5de20a4a5962f3594c16089d1a50ca2f
generated: "2021-07-31T23:32:43.3992261-07:00"
