dependencies:
- name: kafka
  repository: https://charts.bitnami.com/bitnami
  version: 13.0.2
- name: kafdrop
  repository: https://bedag.github.io/helm-charts
  version: 0.2.3
- name: spark
  repository: https://charts.bitnami.com/bitnami
  version: 5.6.1
- name: tobs
  repository: https://charts.timescale.com
  version: 0.5.0
digest: sha256:1a581ced856c98676333bb51fc216f8eec5cec374465a6f12bacf62c3d79ab8e
generated: "2021-07-08T23:49:25.6898922-07:00"
